
Microsoft Visual Studio Solution File, Format Version 12.00
# Visual Studio Version 16
VisualStudioVersion = 16.0.30503.244
MinimumVisualStudioVersion = 10.0.40219.1
Project("{9A19103F-16F7-4668-BE54-9A1E7A4F7556}") = "xamarin_compatibility", "xamarin_compatibility.csproj", "{A69F9F23-8E7F-4E94-800B-2D8813BEE4D8}"
EndProject
Global
	GlobalSection(SolutionConfigurationPlatforms) = preSolution
		Debug|Any CPU = Debug|Any CPU
		Release|Any CPU = Release|Any CPU
	EndGlobalSection
	GlobalSection(ProjectConfigurationPlatforms) = postSolution
		{A69F9F23-8E7F-4E94-800B-2D8813BEE4D8}.Debug|Any CPU.ActiveCfg = Debug|Any CPU
		{A69F9F23-8E7F-4E94-800B-2D8813BEE4D8}.Debug|Any CPU.Build.0 = Debug|Any CPU
		{A69F9F23-8E7F-4E94-800B-2D8813BEE4D8}.Release|Any CPU.ActiveCfg = Release|Any CPU
		{A69F9F23-8E7F-4E94-800B-2D8813BEE4D8}.Release|Any CPU.Build.0 = Release|Any CPU
	EndGlobalSection
	GlobalSection(SolutionProperties) = preSolution
		HideSolutionNode = FALSE
	EndGlobalSection
	GlobalSection(ExtensibilityGlobals) = postSolution
		SolutionGuid = {491973C2-E444-4716-96E0-76B6196AF99D}
	EndGlobalSection
EndGlobal
